<?xml version="1.0" encoding="utf-8"?>
<Project ToolsVersion="4.0" xmlns="http://schemas.microsoft.com/developer/msbuild/2003">
  <ItemGroup>
    <Filter Include="Source Files">
      <UniqueIdentifier>{4FC737F1-C7A5-4376-A066-2A32D752A2FF}</UniqueIdentifier>
      <Extensions>cpp;c;cc;cxx;c++;cppm;ixx;def;odl;idl;hpj;bat;asm;asmx</Extensions>
    </Filter>
    <Filter Include="Header Files">
      <UniqueIdentifier>{93995380-89BD-4b04-88EB-625FBE52EBFB}</UniqueIdentifier>
      <Extensions>h;hh;hpp;hxx;h++;hm;inl;inc;ipp;xsd</Extensions>
    </Filter>
    <Filter Include="Resource Files">
      <UniqueIdentifier>{67DA6AB6-F800-4c08-8B7A-83BB121AAD01}</UniqueIdentifier>
      <Extensions>rc;ico;cur;bmp;dlg;rc2;rct;bin;rgs;gif;jpg;jpeg;jpe;resx;tiff;tif;png;wav;mfcribbon-ms</Extensions>
    </Filter>
    <Filter Include="Resource Files\characters">
      <UniqueIdentifier>{dc15b79a-050c-4bb7-8ad2-0623404ba58e}</UniqueIdentifier>
    </Filter>
    <Filter Include="Resource Files\interface">
      <UniqueIdentifier>{9972feaf-1da6-4eb0-91b9-757faaf1046d}</UniqueIdentifier>
    </Filter>
    <Filter Include="Resource Files\interface\buttons">
      <UniqueIdentifier>{09dec8de-08d6-41ef-b2c8-3efe36bd86c4}</UniqueIdentifier>
    </Filter>
    <Filter Include="Resource Files\interface\dialogue">
      <UniqueIdentifier>{72ebfad5-421a-4c56-8026-bfba66523b03}</UniqueIdentifier>
    </Filter>
    <Filter Include="Resource Files\interface\icons">
      <UniqueIdentifier>{bea757ef-48ce-441b-b195-cd4921af6223}</UniqueIdentifier>
    </Filter>
    <Filter Include="Resource Files\interface\mouse">
      <UniqueIdentifier>{fb9165aa-bb03-4b70-a71b-7969ba72098a}</UniqueIdentifier>
    </Filter>
    <Filter Include="Resource Files\objects">
      <UniqueIdentifier>{33eea3d8-3822-47e0-a850-56fcbb62633d}</UniqueIdentifier>
    </Filter>
    <Filter Include="Resource Files\pallete">
      <UniqueIdentifier>{71b32c15-c408-427f-9b7c-ab292ee2328e}</UniqueIdentifier>
    </Filter>
    <Filter Include="Resource Files\tilesets">
      <UniqueIdentifier>{5620f3f5-df2c-4fe0-8c0a-c12895243f36}</UniqueIdentifier>
    </Filter>
    <Filter Include="Resource Files\map">
      <UniqueIdentifier>{2e0e612c-a4b6-45f9-bd63-50aceccd2085}</UniqueIdentifier>
    </Filter>
    <Filter Include="Resource Files\map\v1.0">
      <UniqueIdentifier>{396f6297-8f7a-44fa-911a-7faba7132fce}</UniqueIdentifier>
    </Filter>
    <Filter Include="Resource Files\map\v1.1">
      <UniqueIdentifier>{9e78ab3a-e669-4056-bda1-cde2371396be}</UniqueIdentifier>
    </Filter>
    <Filter Include="Resource Files\map\v1.2">
      <UniqueIdentifier>{ef3e27bd-14fc-4bd3-9d67-2c6ee5420d68}</UniqueIdentifier>
    </Filter>
    <Filter Include="Resource Files\blankTile">
      <UniqueIdentifier>{2f0383df-1ad0-4d7e-b8d6-143704146fde}</UniqueIdentifier>
    </Filter>
  </ItemGroup>
  <ItemGroup>
    <ClInclude Include="src\game.h">
      <Filter>Header Files</Filter>
    </ClInclude>
    <ClInclude Include="src\TextureManager.h">
      <Filter>Header Files</Filter>
    </ClInclude>
    <ClInclude Include="src\Map.h">
      <Filter>Header Files</Filter>
    </ClInclude>
    <ClInclude Include="src\ECS\Components.h">
      <Filter>Header Files</Filter>
    </ClInclude>
    <ClInclude Include="src\ECS\ECS.h">
      <Filter>Header Files</Filter>
    </ClInclude>
    <ClInclude Include="src\ECS\TransformComponent.h">
      <Filter>Header Files</Filter>
    </ClInclude>
    <ClInclude Include="src\ECS\SpriteComponent.h">
      <Filter>Header Files</Filter>
    </ClInclude>
    <ClInclude Include="src\Vector2D.h">
      <Filter>Header Files</Filter>
    </ClInclude>
    <ClInclude Include="src\ECS\KeyboardController.h">
      <Filter>Header Files</Filter>
    </ClInclude>
    <ClInclude Include="src\ECS\ColliderComponent.h">
      <Filter>Header Files</Filter>
    </ClInclude>
    <ClInclude Include="src\Collision.h">
      <Filter>Header Files</Filter>
    </ClInclude>
    <ClInclude Include="src\ECS\TileComponent.h">
      <Filter>Header Files</Filter>
    </ClInclude>
    <ClInclude Include="src\ECS\Animation.h">
      <Filter>Header Files</Filter>
    </ClInclude>
    <ClInclude Include="src\AssetManager.h">
      <Filter>Header Files</Filter>
    </ClInclude>
  </ItemGroup>
  <ItemGroup>
    <ClCompile Include="src\game.cpp">
      <Filter>Source Files</Filter>
    </ClCompile>
    <ClCompile Include="src\main.cpp">
      <Filter>Source Files</Filter>
    </ClCompile>
    <ClCompile Include="src\TextureManager.cpp">
      <Filter>Source Files</Filter>
    </ClCompile>
    <ClCompile Include="src\Map.cpp">
      <Filter>Source Files</Filter>
    </ClCompile>
    <ClCompile Include="src\Vector2D.cpp">
      <Filter>Source Files</Filter>
    </ClCompile>
    <ClCompile Include="src\Collision.cpp">
      <Filter>Source Files</Filter>
    </ClCompile>
    <ClCompile Include="src\ECS\ECS.cpp">
      <Filter>Source Files</Filter>
    </ClCompile>
    <ClCompile Include="src\AssetManager.cpp">
      <Filter>Source Files</Filter>
    </ClCompile>
  </ItemGroup>
  <ItemGroup>
    <Image Include="assets\characters\actions.png">
      <Filter>Resource Files\characters</Filter>
    </Image>
    <Image Include="assets\characters\character.png">
      <Filter>Resource Files\characters</Filter>
    </Image>
    <Image Include="assets\characters\cow.png">
      <Filter>Resource Files\characters</Filter>
    </Image>
    <Image Include="assets\interface\all.png">
      <Filter>Resource Files\interface</Filter>
    </Image>
    <Image Include="assets\interface\big_play_buttons.png">
      <Filter>Resource Files\interface</Filter>
    </Image>
    <Image Include="assets\interface\menu.png">
      <Filter>Resource Files\interface</Filter>
    </Image>
    <Image Include="assets\interface\settings_buttons.png">
      <Filter>Resource Files\interface</Filter>
    </Image>
    <Image Include="assets\interface\buttons\small_square_buttons.png">
      <Filter>Resource Files\interface\buttons</Filter>
    </Image>
    <Image Include="assets\interface\buttons\square_button_(3).png">
      <Filter>Resource Files\interface\buttons</Filter>
    </Image>
    <Image Include="assets\interface\buttons\square_buttons.png">
      <Filter>Resource Files\interface\buttons</Filter>
    </Image>
    <Image Include="assets\interface\buttons\square_buttons_(2).png">
      <Filter>Resource Files\interface\buttons</Filter>
    </Image>
    <Image Include="assets\interface\dialogue\big_dialogue.png">
      <Filter>Resource Files\interface\dialogue</Filter>
    </Image>
    <Image Include="assets\interface\dialogue\dialogue_box.png">
      <Filter>Resource Files\interface\dialogue</Filter>
    </Image>
    <Image Include="assets\interface\dialogue\emote_animations.png">
      <Filter>Resource Files\interface\dialogue</Filter>
    </Image>
    <Image Include="assets\interface\dialogue\finished_talking.png">
      <Filter>Resource Files\interface\dialogue</Filter>
    </Image>
    <Image Include="assets\interface\dialogue\medium_dialogue.png">
      <Filter>Resource Files\interface\dialogue</Filter>
    </Image>
    <Image Include="assets\interface\dialogue\plain_dialgue.png">
      <Filter>Resource Files\interface\dialogue</Filter>
    </Image>
    <Image Include="assets\interface\dialogue\premade_dialogue.png">
      <Filter>Resource Files\interface\dialogue</Filter>
    </Image>
    <Image Include="assets\interface\dialogue\premade_dialogue_medium.png">
      <Filter>Resource Files\interface\dialogue</Filter>
    </Image>
    <Image Include="assets\interface\dialogue\premade_dialogue_small.png">
      <Filter>Resource Files\interface\dialogue</Filter>
    </Image>
    <Image Include="assets\interface\icons\all.png">
      <Filter>Resource Files\interface\icons</Filter>
    </Image>
    <Image Include="assets\interface\icons\happiness_sadness.png">
      <Filter>Resource Files\interface\icons</Filter>
    </Image>
    <Image Include="assets\interface\icons\special.png">
      <Filter>Resource Files\interface\icons</Filter>
    </Image>
    <Image Include="assets\interface\icons\white.png">
      <Filter>Resource Files\interface\icons</Filter>
    </Image>
    <Image Include="assets\interface\mouse\catpaw.png">
      <Filter>Resource Files\interface\mouse</Filter>
    </Image>
    <Image Include="assets\interface\mouse\catpaw_holding.png">
      <Filter>Resource Files\interface\mouse</Filter>
    </Image>
    <Image Include="assets\interface\mouse\catpaw_holding_mouse (1).png">
      <Filter>Resource Files\interface\mouse</Filter>
    </Image>
    <Image Include="assets\interface\mouse\cursor.png">
      <Filter>Resource Files\interface\mouse</Filter>
    </Image>
    <Image Include="assets\interface\mouse\cursor_(1).png">
      <Filter>Resource Files\interface\mouse</Filter>
    </Image>
    <Image Include="assets\interface\mouse\cursor_(3).png">
      <Filter>Resource Files\interface\mouse</Filter>
    </Image>
    <Image Include="assets\objects\chest.png">
      <Filter>Resource Files\objects</Filter>
    </Image>
    <Image Include="assets\objects\furniture.png">
      <Filter>Resource Files\objects</Filter>
    </Image>
    <Image Include="assets\objects\grassbiom.png">
      <Filter>Resource Files\objects</Filter>
    </Image>
    <Image Include="assets\objects\milkglass.png">
      <Filter>Resource Files\objects</Filter>
    </Image>
    <Image Include="assets\objects\paths.png">
      <Filter>Resource Files\objects</Filter>
    </Image>
    <Image Include="assets\objects\plants.png">
      <Filter>Resource Files\objects</Filter>
    </Image>
    <Image Include="assets\objects\tools.png">
      <Filter>Resource Files\objects</Filter>
    </Image>
    <Image Include="assets\objects\tools_actions.png">
      <Filter>Resource Files\objects</Filter>
    </Image>
    <Image Include="assets\objects\wood_bridge.png">
      <Filter>Resource Files\objects</Filter>
    </Image>
    <Image Include="assets\pallete\color.PNG">
      <Filter>Resource Files\pallete</Filter>
    </Image>
    <Image Include="assets\tilesets\dirt.png">
      <Filter>Resource Files\tilesets</Filter>
    </Image>
    <Image Include="assets\tilesets\grass.png">
      <Filter>Resource Files\tilesets</Filter>
    </Image>
    <Image Include="assets\tilesets\grass_hill.png">
      <Filter>Resource Files\tilesets</Filter>
    </Image>
    <Image Include="assets\tilesets\grass_hill_(2).png">
      <Filter>Resource Files\tilesets</Filter>
    </Image>
    <Image Include="assets\tilesets\grass_hill_(3).png">
      <Filter>Resource Files\tilesets</Filter>
    </Image>
    <Image Include="assets\tilesets\grass_hill_(4).png">
      <Filter>Resource Files\tilesets</Filter>
    </Image>
    <Image Include="assets\tilesets\wood_house.png">
      <Filter>Resource Files\tilesets</Filter>
    </Image>
    <Image Include="assets\tilesets\fences.png">
      <Filter>Resource Files\tilesets</Filter>
    </Image>
    <Image Include="assets\tilesets\water.png">
      <Filter>Resource Files\tilesets</Filter>
    </Image>
    <Image Include="assets\blankTile\16x16.png">
      <Filter>Resource Files\blankTile</Filter>
    </Image>
    <Image Include="assets\blankTile\16x16_walltile.png">
      <Filter>Resource Files\blankTile</Filter>
    </Image>
  </ItemGroup>
  <ItemGroup>
    <None Include="map\map_v1.0\island_v1_fences.csv">
      <Filter>Resource Files\map\v1.0</Filter>
    </None>
    <None Include="map\map_v1.0\island_v1_grass.csv">
      <Filter>Resource Files\map\v1.0</Filter>
    </None>
    <None Include="map\map_v1.0\island_v1_water.csv">
      <Filter>Resource Files\map\v1.0</Filter>
    </None>
    <None Include="map\map_v1.1\island_v1_fences - collision.csv">
      <Filter>Resource Files\map\v1.1</Filter>
    </None>
    <None Include="map\map_v1.1\island_v1_grass.csv">
      <Filter>Resource Files\map\v1.1</Filter>
    </None>
    <None Include="map\map_v1.1\island_v1_grass_highland.csv">
      <Filter>Resource Files\map\v1.1</Filter>
    </None>
    <None Include="map\map_v1.1\island_v1_grass_patterns.csv">
      <Filter>Resource Files\map\v1.1</Filter>
    </None>
    <None Include="map\map_v1.1\island_v1_water.csv">
      <Filter>Resource Files\map\v1.1</Filter>
    </None>
    <None Include="map\map_v1.2\island_v1_dirt.csv">
      <Filter>Resource Files\map\v1.2</Filter>
    </None>
    <None Include="map\map_v1.2\island_v1_fences.csv">
      <Filter>Resource Files\map\v1.2</Filter>
    </None>
    <None Include="map\map_v1.2\island_v1_grass.csv">
      <Filter>Resource Files\map\v1.2</Filter>
    </None>
    <None Include="map\map_v1.2\island_v1_grass_(2).csv">
      <Filter>Resource Files\map\v1.2</Filter>
    </None>
    <None Include="map\map_v1.2\island_v1_grass_hill_(2).csv">
      <Filter>Resource Files\map\v1.2</Filter>
    </None>
    <None Include="map\map_v1.2\island_v1_grass_hill_(3).csv">
      <Filter>Resource Files\map\v1.2</Filter>
    </None>
    <None Include="map\map_v1.2\island_v1_water.csv">
      <Filter>Resource Files\map\v1.2</Filter>
    </None>
    <None Include="map\map_v1.2\island_v1_wood_bridge.csv">
      <Filter>Resource Files\map\v1.2</Filter>
    </None>
    <None Include="map\map_v1.2\island_v1_blank_collision.csv">
      <Filter>Resource Files\map\v1.2</Filter>
    </None>
    <None Include="map\map_v1.2\island_v1_blank_collision_box.csv">
      <Filter>Resource Files\map\v1.2</Filter>
    </None>
  </ItemGroup>
</Project>